{
  "version": 1,
  "dependencies": {
    ".NETStandard,Version=v2.1": {
      "IsExternalInit": {
        "type": "Direct",
        "requested": "[1.0.3, )",
        "resolved": "1.0.3",
        "contentHash": "jcdN7vpDwjnV7U9KGCv/oNIWHJ/RIbyrpVsLQL2qbj6Cbi5U3iafKsaMn1rP+qCbkLbkB0v6oAwbVEkqrUnlyg=="
      },
      "Meziantou.Analyzer": {
        "type": "Direct",
        "requested": "[1.0.704, )",
        "resolved": "1.0.704",
        "contentHash": "AY8Zh6Q3szSNuLPP1hxXh9CuYnf+OYglCT042uuYsvi9Kyj6iawLNI4oxIPXZIlM4dzEb8wqd2P8B/ImQFvRjw=="
      },
      "Microsoft.SourceLink.GitHub": {
        "type": "Direct",
        "requested": "[1.1.1, )",
        "resolved": "1.1.1",
        "contentHash": "IaJGnOv/M7UQjRJks7B6p7pbPnOwisYGOIzqCz5ilGFTApZ3ktOR+6zJ12ZRPInulBmdAf1SrGdDG2MU8g6XTw==",
        "dependencies": {
          "Microsoft.Build.Tasks.Git": "1.1.1",
          "Microsoft.SourceLink.Common": "1.1.1"
        }
      },
      "Microsoft.TestPlatform.ObjectModel": {
        "type": "Direct",
        "requested": "[17.2.0, )",
        "resolved": "17.2.0",
        "contentHash": "7j1KYDHLhU98XnCEbECMncXLydI9fNiFLcFsiBsP3lV6EkHOaj5kTPAWHYkKnPGRC9TbZUboSQq8rWI4dTQsxg==",
        "dependencies": {
          "NuGet.Frameworks": "5.11.0",
          "System.Reflection.Metadata": "1.6.0"
        }
      },
      "Microsoft.VisualStudio.Threading.Analyzers": {
        "type": "Direct",
        "requested": "[17.3.1-alpha, )",
        "resolved": "17.3.1-alpha",
        "contentHash": "0/3SdFMa28wb9KxVgU+Adb60x7A5KGNvNvI1Y/FX3G5CzZ+jUFzmuLVI2RjaFnFjqcWUkzVKZl1hPbZGaBJXrg=="
      },
      "Nerdbank.GitVersioning": {
        "type": "Direct",
        "requested": "[3.5.108, )",
        "resolved": "3.5.108",
        "contentHash": "+1Zn/jrrbBS1MVK20W8d8g4nEREPuZ6IHDTmtqlJiNeGXN45Iou0IPe5hykbLAVyWfnoN3bPCDBIVjeAfoMsWQ=="
      },
      "Octokit": {
        "type": "Direct",
        "requested": "[1.0.0, )",
        "resolved": "1.0.0",
        "contentHash": "kht1ciqu2WKhx1fwJR+OZc7daSGHtmaYv3aLLeLZU8cLDyhLccS3ZSxcFI/jWin9DIfShXm0ZRFZLUy52sTYoQ=="
      },
      "Roslynator.Analyzers": {
        "type": "Direct",
        "requested": "[4.1.1, )",
        "resolved": "4.1.1",
        "contentHash": "3cPVlrB1PytlO1ztZZBOExDKQWpMZgI15ZDa0BqLu0l6xv+xIRfEpqjNRcpvUy3aLxWTkPgSKZbbaO+VoFEJ1g=="
      },
      "StackTraceParser.Source": {
        "type": "Direct",
        "requested": "[1.3.1, )",
        "resolved": "1.3.1",
        "contentHash": "Fje1gVAbgRrPvIOQ0jFVvXZfTbqGOizJQ5QZnS3fg8NqCP1YK1tRU8GzAZ0NbSr88aOw8417WvuoKtqKsiG29g=="
      },
      "Microsoft.Build.Tasks.Git": {
        "type": "Transitive",
        "resolved": "1.1.1",
        "contentHash": "AT3HlgTjsqHnWpBHSNeR0KxbLZD7bztlZVj7I8vgeYG9SYqbeFGh0TM/KVtC6fg53nrWHl3VfZFvb5BiQFcY6Q=="
      },
      "Microsoft.SourceLink.Common": {
        "type": "Transitive",
        "resolved": "1.1.1",
        "contentHash": "WMcGpWKrmJmzrNeuaEb23bEMnbtR/vLmvZtkAP5qWu7vQsY59GqfRJd65sFpBszbd2k/bQ8cs8eWawQKAabkVg=="
      },
      "NuGet.Frameworks": {
        "type": "Transitive",
        "resolved": "5.11.0",
        "contentHash": "eaiXkUjC4NPcquGWzAGMXjuxvLwc6XGKMptSyOGQeT0X70BUZObuybJFZLA0OfTdueLd3US23NBPTBb6iF3V1Q=="
      },
      "System.Collections.Immutable": {
        "type": "Transitive",
        "resolved": "1.5.0",
        "contentHash": "EXKiDFsChZW0RjrZ4FYHu9aW6+P4MCgEDCklsVseRfhoO0F+dXeMSsMRAlVXIo06kGJ/zv+2w1a2uc2+kxxSaQ=="
      },
      "System.Reflection.Metadata": {
        "type": "Transitive",
        "resolved": "1.6.0",
        "contentHash": "COC1aiAJjCoA5GBF+QKL2uLqEBew4JsCkQmoHKbN3TlOZKa2fKLz5CpiRQKDz0RsAOEGsVKqOD5bomsXq/4STQ==",
        "dependencies": {
          "System.Collections.Immutable": "1.5.0"
        }
      }
    }
  }
}