
Microsoft Visual Studio Solution File, Format Version 12.00
# Visual Studio Version 16
VisualStudioVersion = 16.0.30114.105
MinimumVisualStudioVersion = 10.0.40219.1
Project("{2150E333-8FDC-42A3-9474-1A3956D46DE8}") = "tests", "tests", "{D4B7FB40-D591-458D-A187-C7501A734819}"
EndProject
Project("{FAE04EC0-301F-11D3-BF4B-00C04F79EFBC}") = "Testing", "tests\Testing\Testing.csproj", "{F6E53126-288B-4F93-B881-2819CC50D536}"
EndProject
Project("{FAE04EC0-301F-11D3-BF4B-00C04F79EFBC}") = "Logger.UnitTests", "tests\Logger.UnitTests\Logger.UnitTests.csproj", "{F0DC8DD6-F44F-4229-96D9-3A48A8BDD8EE}"
EndProject
Project("{2150E333-8FDC-42A3-9474-1A3956D46DE8}") = "src", "src", "{33AECDEA-3911-406C-8862-0AEB5E559C4B}"
EndProject
Project("{2150E333-8FDC-42A3-9474-1A3956D46DE8}") = "dotnet", "dotnet", "{656D6C5C-DE8F-4291-A951-EFB9B8267415}"
EndProject
Project("{FAE04EC0-301F-11D3-BF4B-00C04F79EFBC}") = "Logger", "src\dotnet\Logger\Logger.csproj", "{B1112909-A8E1-4FB2-8E1B-83A489F9F8BC}"
EndProject
Global
	GlobalSection(SolutionConfigurationPlatforms) = preSolution
		Debug|Any CPU = Debug|Any CPU
		Release|Any CPU = Release|Any CPU
	EndGlobalSection
	GlobalSection(SolutionProperties) = preSolution
		HideSolutionNode = FALSE
	EndGlobalSection
	GlobalSection(ProjectConfigurationPlatforms) = postSolution
		{F6E53126-288B-4F93-B881-2819CC50D536}.Debug|Any CPU.ActiveCfg = Debug|Any CPU
		{F6E53126-288B-4F93-B881-2819CC50D536}.Debug|Any CPU.Build.0 = Debug|Any CPU
		{F6E53126-288B-4F93-B881-2819CC50D536}.Release|Any CPU.ActiveCfg = Release|Any CPU
		{F6E53126-288B-4F93-B881-2819CC50D536}.Release|Any CPU.Build.0 = Release|Any CPU
		{F0DC8DD6-F44F-4229-96D9-3A48A8BDD8EE}.Debug|Any CPU.ActiveCfg = Debug|Any CPU
		{F0DC8DD6-F44F-4229-96D9-3A48A8BDD8EE}.Debug|Any CPU.Build.0 = Debug|Any CPU
		{F0DC8DD6-F44F-4229-96D9-3A48A8BDD8EE}.Release|Any CPU.ActiveCfg = Release|Any CPU
		{F0DC8DD6-F44F-4229-96D9-3A48A8BDD8EE}.Release|Any CPU.Build.0 = Release|Any CPU
		{B1112909-A8E1-4FB2-8E1B-83A489F9F8BC}.Debug|Any CPU.ActiveCfg = Debug|Any CPU
		{B1112909-A8E1-4FB2-8E1B-83A489F9F8BC}.Debug|Any CPU.Build.0 = Debug|Any CPU
		{B1112909-A8E1-4FB2-8E1B-83A489F9F8BC}.Release|Any CPU.ActiveCfg = Release|Any CPU
		{B1112909-A8E1-4FB2-8E1B-83A489F9F8BC}.Release|Any CPU.Build.0 = Release|Any CPU
	EndGlobalSection
	GlobalSection(NestedProjects) = preSolution
		{F6E53126-288B-4F93-B881-2819CC50D536} = {D4B7FB40-D591-458D-A187-C7501A734819}
		{F0DC8DD6-F44F-4229-96D9-3A48A8BDD8EE} = {D4B7FB40-D591-458D-A187-C7501A734819}
		{656D6C5C-DE8F-4291-A951-EFB9B8267415} = {33AECDEA-3911-406C-8862-0AEB5E559C4B}
		{B1112909-A8E1-4FB2-8E1B-83A489F9F8BC} = {656D6C5C-DE8F-4291-A951-EFB9B8267415}
	EndGlobalSection
EndGlobal
